
Microsoft Visual Studio Solution File, Format Version 12.00
# Visual Studio Version 17
VisualStudioVersion = 17.2.32616.157
MinimumVisualStudioVersion = 10.0.40219.1
Project("{FAE04EC0-301F-11D3-BF4B-00C04F79EFBC}") = "day3", "day3\day3.csproj", "{621EFC6E-563C-41FC-AB14-811A6FB249E5}"
EndProject
Global
	GlobalSection(SolutionConfigurationPlatforms) = preSolution
		Debug|Any CPU = Debug|Any CPU
		Release|Any CPU = Release|Any CPU
	EndGlobalSection
	GlobalSection(ProjectConfigurationPlatforms) = postSolution
		{621EFC6E-563C-41FC-AB14-811A6FB249E5}.Debug|Any CPU.ActiveCfg = Debug|Any CPU
		{621EFC6E-563C-41FC-AB14-811A6FB249E5}.Debug|Any CPU.Build.0 = Debug|Any CPU
		{621EFC6E-563C-41FC-AB14-811A6FB249E5}.Release|Any CPU.ActiveCfg = Release|Any CPU
		{621EFC6E-563C-41FC-AB14-811A6FB249E5}.Release|Any CPU.Build.0 = Release|Any CPU
	EndGlobalSection
	GlobalSection(SolutionProperties) = preSolution
		HideSolutionNode = FALSE
	EndGlobalSection
	GlobalSection(ExtensibilityGlobals) = postSolution
		SolutionGuid = {E0280ADD-E5C9-4DD4-B4A0-DF4A50969A6F}
	EndGlobalSection
EndGlobal
